{
  "name": "wework-finance-sdk-node-demo",
  "version": "1.0.1",
  "lockfileVersion": 3,
  "requires": true,
  "packages": {
    "": {
      "name": "wework-finance-sdk-node-demo",
      "version": "1.0.1",
      "dependencies": {
        "koffi": "^2.15.1"
      }
    },
    "node_modules/koffi": {
      "version": "2.15.6",
      "resolved": "https://registry.npmjs.org/koffi/-/koffi-2.15.6.tgz",
      "integrity": "sha512-WQBpM5uo74UQ17UpsFN+PUOrQQg4/nYdey4SGVluQun2drYYfePziLLWdSmFb4wSdWlJC1aimXQnjhPCheRKuw==",
      "hasInstallScript": true,
      "license": "MIT",
      "funding": {
        "url": "https://liberapay.com/Koromix"
      }
    }
  }
}
